{
  "name": "project-one",
  "version": "1.0.0",
  "lockfileVersion": 2,
  "requires": true,
  "packages": {
    "": {
      "name": "project-one",
      "version": "1.0.0",
      "dependencies": {
        "dep-five": "file:../../e2e-dependencies/dep-5",
        "dep-four": "file:../../e2e-dependencies/dep-4",
        "dep-one": "file:../../e2e-dependencies/dep-1",
        "dep-three": "file:../../e2e-dependencies/dep-3",
        "dep-two": "file:../../e2e-dependencies/dep-2",
        "dep-two-duplicate": "file:../../e2e-dependencies/dep-2-duplicate"
      }
    },
    "../../e2e-dependencies/dep-1": {
      "name": "dep-one",
      "version": "1.0.0"
    },
    "../../e2e-dependencies/dep-2": {
      "name": "dep-two",
      "version": "1.0.0"
    },
    "../../e2e-dependencies/dep-2-duplicate": {
      "name": "dep-two-duplicate",
      "version": "1.0.0"
    },
    "../../e2e-dependencies/dep-3": {
      "name": "dep-three",
      "version": "1.0.0"
    },
    "../../e2e-dependencies/dep-4": {
      "name": "dep-four",
      "version": "1.0.0"
    },
    "../../e2e-dependencies/dep-5": {
      "name": "dep-five",
      "version": "1.0.0"
    },
    "node_modules/dep-five": {
      "resolved": "../../e2e-dependencies/dep-5",
      "link": true
    },
    "node_modules/dep-four": {
      "resolved": "../../e2e-dependencies/dep-4",
      "link": true
    },
    "node_modules/dep-one": {
      "resolved": "../../e2e-dependencies/dep-1",
      "link": true
    },
    "node_modules/dep-three": {
      "resolved": "../../e2e-dependencies/dep-3",
      "link": true
    },
    "node_modules/dep-two": {
      "resolved": "../../e2e-dependencies/dep-2",
      "link": true
    },
    "node_modules/dep-two-duplicate": {
      "resolved": "../../e2e-dependencies/dep-2-duplicate",
      "link": true
    }
  },
  "dependencies": {
    "dep-five": {
      "version": "file:../../e2e-dependencies/dep-5"
    },
    "dep-four": {
      "version": "file:../../e2e-dependencies/dep-4"
    },
    "dep-one": {
      "version": "file:../../e2e-dependencies/dep-1"
    },
    "dep-three": {
      "version": "file:../../e2e-dependencies/dep-3"
    },
    "dep-two": {
      "version": "file:../../e2e-dependencies/dep-2"
    },
    "dep-two-duplicate": {
      "version": "file:../../e2e-dependencies/dep-2-duplicate"
    }
  }
}
